// !$*UTF8*$!
{
	archiveVersion = 1;
	classes = {
	};
	objectVersion = 55;
	objects = {

/* Begin PBXBuildFile section */
		43AD53686DA53B9400E13888 /* Main.storyboard in Resources */ = {isa = PBXBuildFile; fileRef = 43AD506477E1F15B5401C236 /* Main.storyboard */; };
		43AD542DA3FA38F024DDEDAC /* AppDelegate.swift in Sources */ = {isa = PBXBuildFile; fileRef = 43AD5B3D16531DC75D134ED3 /* AppDelegate.swift */; };
		43AD58D9CF314C9EAF0F3406 /* LaunchScreen.storyboard in Resources */ = {isa = PBXBuildFile; fileRef = 43AD5A043DB511D5D656B504 /* LaunchScreen.storyboard */; };
		43AD59C2DC7AABF6E13A3AFE /* Functions.swift in Sources */ = {isa = PBXBuildFile; fileRef = 43AD5E0ED5D7429358DDA492 /* Functions.swift */; };
		43AD5BA2A11EE0B0F59D7B40 /* CategoryPickerViewController.swift in Sources */ = {isa = PBXBuildFile; fileRef = 43AD55BCA1427080B3B476C2 /* CategoryPickerViewController.swift */; };
		43AD5CACB30BB890632D9DB9 /* SceneDelegate.swift in Sources */ = {isa = PBXBuildFile; fileRef = 43AD5D139B6E8EE0875DF06C /* SceneDelegate.swift */; };
		43AD5CE680F9255EAA49C2AE /* HudView.swift in Sources */ = {isa = PBXBuildFile; fileRef = 43AD54F45766C0F3677FF05F /* HudView.swift */; };
		4A0C7BC228F7C1B800583589 /* LocationsViewController.swift in Sources */ = {isa = PBXBuildFile; fileRef = 4A0C7BC128F7C1B800583589 /* LocationsViewController.swift */; };
		4A0C7BC428F7F51600583589 /* LocationCell.swift in Sources */ = {isa = PBXBuildFile; fileRef = 4A0C7BC328F7F51600583589 /* LocationCell.swift */; };
		4A40DBB828E5948C005587F3 /* CurrentLocationViewController.swift in Sources */ = {isa = PBXBuildFile; fileRef = 4A40DBB728E5948C005587F3 /* CurrentLocationViewController.swift */; };
		4A40DBBD28E5948F005587F3 /* Assets.xcassets in Resources */ = {isa = PBXBuildFile; fileRef = 4A40DBBC28E5948F005587F3 /* Assets.xcassets */; };
		4A5D131128ED1C0B001F2C87 /* LocationDetailsViewController.swift in Sources */ = {isa = PBXBuildFile; fileRef = 4A5D131028ED1C0B001F2C87 /* LocationDetailsViewController.swift */; };
		4AFD4BC028F3CDAA00C7FAE8 /* MyLocation.xcdatamodeld in Sources */ = {isa = PBXBuildFile; fileRef = 4AFD4BBE28F3CDAA00C7FAE8 /* MyLocation.xcdatamodeld */; };
		4AFD4BC428F3D6EE00C7FAE8 /* Location+CoreDataClass.swift in Sources */ = {isa = PBXBuildFile; fileRef = 4AFD4BC228F3D6EE00C7FAE8 /* Location+CoreDataClass.swift */; };
		4AFD4BC528F3D6EE00C7FAE8 /* Location+CoreDataProperties.swift in Sources */ = {isa = PBXBuildFile; fileRef = 4AFD4BC328F3D6EE00C7FAE8 /* Location+CoreDataProperties.swift */; };
/* End PBXBuildFile section */

/* Begin PBXFileReference section */
		43AD506477E1F15B5401C236 /* Main.storyboard */ = {isa = PBXFileReference; lastKnownFileType = file.storyboard; path = Main.storyboard; sourceTree = "<group>"; };
		43AD54F45766C0F3677FF05F /* HudView.swift */ = {isa = PBXFileReference; fileEncoding = 4; lastKnownFileType = sourcecode.swift; path = HudView.swift; sourceTree = "<group>"; };
		43AD55BCA1427080B3B476C2 /* CategoryPickerViewController.swift */ = {isa = PBXFileReference; fileEncoding = 4; lastKnownFileType = sourcecode.swift; path = CategoryPickerViewController.swift; sourceTree = "<group>"; };
		43AD5A043DB511D5D656B504 /* LaunchScreen.storyboard */ = {isa = PBXFileReference; lastKnownFileType = file.storyboard; path = LaunchScreen.storyboard; sourceTree = "<group>"; };
		43AD5B3D16531DC75D134ED3 /* AppDelegate.swift */ = {isa = PBXFileReference; fileEncoding = 4; lastKnownFileType = sourcecode.swift; path = AppDelegate.swift; sourceTree = "<group>"; };
		43AD5D139B6E8EE0875DF06C /* SceneDelegate.swift */ = {isa = PBXFileReference; fileEncoding = 4; lastKnownFileType = sourcecode.swift; path = SceneDelegate.swift; sourceTree = "<group>"; };
		43AD5E0ED5D7429358DDA492 /* Functions.swift */ = {isa = PBXFileReference; fileEncoding = 4; lastKnownFileType = sourcecode.swift; path = Functions.swift; sourceTree = "<group>"; };
		4A0C7BC128F7C1B800583589 /* LocationsViewController.swift */ = {isa = PBXFileReference; lastKnownFileType = sourcecode.swift; path = LocationsViewController.swift; sourceTree = "<group>"; };
		4A0C7BC328F7F51600583589 /* LocationCell.swift */ = {isa = PBXFileReference; lastKnownFileType = sourcecode.swift; path = LocationCell.swift; sourceTree = "<group>"; };
		4A40DBB028E5948C005587F3 /* 信标.app */ = {isa = PBXFileReference; explicitFileType = wrapper.application; includeInIndex = 0; path = "信标.app"; sourceTree = BUILT_PRODUCTS_DIR; };
		4A40DBB728E5948C005587F3 /* CurrentLocationViewController.swift */ = {isa = PBXFileReference; lastKnownFileType = sourcecode.swift; path = CurrentLocationViewController.swift; sourceTree = "<group>"; };
		4A40DBBC28E5948F005587F3 /* Assets.xcassets */ = {isa = PBXFileReference; lastKnownFileType = folder.assetcatalog; path = Assets.xcassets; sourceTree = "<group>"; };
		4A40DBC128E5948F005587F3 /* Info.plist */ = {isa = PBXFileReference; lastKnownFileType = text.plist.xml; path = Info.plist; sourceTree = "<group>"; };
		4A5D131028ED1C0B001F2C87 /* LocationDetailsViewController.swift */ = {isa = PBXFileReference; lastKnownFileType = sourcecode.swift; path = LocationDetailsViewController.swift; sourceTree = "<group>"; };
		4AFD4BBF28F3CDAA00C7FAE8 /* MyLocation.xcdatamodel */ = {isa = PBXFileReference; lastKnownFileType = wrapper.xcdatamodel; path = MyLocation.xcdatamodel; sourceTree = "<group>"; };
		4AFD4BC228F3D6EE00C7FAE8 /* Location+CoreDataClass.swift */ = {isa = PBXFileReference; lastKnownFileType = sourcecode.swift; path = "Location+CoreDataClass.swift"; sourceTree = "<group>"; };
		4AFD4BC328F3D6EE00C7FAE8 /* Location+CoreDataProperties.swift */ = {isa = PBXFileReference; lastKnownFileType = sourcecode.swift; path = "Location+CoreDataProperties.swift"; sourceTree = "<group>"; };
/* End PBXFileReference section */

/* Begin PBXFrameworksBuildPhase section */
		4A40DBAD28E5948C005587F3 /* Frameworks */ = {
			isa = PBXFrameworksBuildPhase;
			buildActionMask = 2147483647;
			files = (
			);
			runOnlyForDeploymentPostprocessing = 0;
		};
/* End PBXFrameworksBuildPhase section */

/* Begin PBXGroup section */
		43AD5026E045677FDBDEC02F /* Delegates */ = {
			isa = PBXGroup;
			children = (
				43AD5B3D16531DC75D134ED3 /* AppDelegate.swift */,
				43AD5D139B6E8EE0875DF06C /* SceneDelegate.swift */,
			);
			path = Delegates;
			sourceTree = "<group>";
		};
		43AD5A8266E5306AB8AFB8EC /* Storyboard */ = {
			isa = PBXGroup;
			children = (
				43AD5A043DB511D5D656B504 /* LaunchScreen.storyboard */,
				43AD506477E1F15B5401C236 /* Main.storyboard */,
			);
			path = Storyboard;
			sourceTree = "<group>";
		};
		43AD5BFB56F4D98698555CCA /* Utils */ = {
			isa = PBXGroup;
			children = (
				43AD54F45766C0F3677FF05F /* HudView.swift */,
				43AD5E0ED5D7429358DDA492 /* Functions.swift */,
				4A0C7BC328F7F51600583589 /* LocationCell.swift */,
			);
			path = Utils;
			sourceTree = "<group>";
		};
		4A40DBA728E5948C005587F3 = {
			isa = PBXGroup;
			children = (
				4A40DBB228E5948C005587F3 /* 信标 */,
				4A40DBB128E5948C005587F3 /* Products */,
			);
			sourceTree = "<group>";
		};
		4A40DBB128E5948C005587F3 /* Products */ = {
			isa = PBXGroup;
			children = (
				4A40DBB028E5948C005587F3 /* 信标.app */,
			);
			name = Products;
			sourceTree = "<group>";
		};
		4A40DBB228E5948C005587F3 /* 信标 */ = {
			isa = PBXGroup;
			children = (
				4AFD4BC128F3CDB100C7FAE8 /* CoreData */,
				4A40DBC828E5959C005587F3 /* Resources */,
				4A40DBC728E59584005587F3 /* Controller */,
				4A40DBC128E5948F005587F3 /* Info.plist */,
				43AD5A8266E5306AB8AFB8EC /* Storyboard */,
				43AD5026E045677FDBDEC02F /* Delegates */,
				43AD5BFB56F4D98698555CCA /* Utils */,
			);
			path = "信标";
			sourceTree = "<group>";
		};
		4A40DBC728E59584005587F3 /* Controller */ = {
			isa = PBXGroup;
			children = (
				4A40DBB728E5948C005587F3 /* CurrentLocationViewController.swift */,
				4A5D131028ED1C0B001F2C87 /* LocationDetailsViewController.swift */,
				43AD55BCA1427080B3B476C2 /* CategoryPickerViewController.swift */,
				4A0C7BC128F7C1B800583589 /* LocationsViewController.swift */,
			);
			path = Controller;
			sourceTree = "<group>";
		};
		4A40DBC828E5959C005587F3 /* Resources */ = {
			isa = PBXGroup;
			children = (
				4A40DBBC28E5948F005587F3 /* Assets.xcassets */,
			);
			path = Resources;
			sourceTree = "<group>";
		};
		4AFD4BC128F3CDB100C7FAE8 /* CoreData */ = {
			isa = PBXGroup;
			children = (
				4AFD4BC228F3D6EE00C7FAE8 /* Location+CoreDataClass.swift */,
				4AFD4BC328F3D6EE00C7FAE8 /* Location+CoreDataProperties.swift */,
				4AFD4BBE28F3CDAA00C7FAE8 /* MyLocation.xcdatamodeld */,
			);
			path = CoreData;
			sourceTree = "<group>";
		};
/* End PBXGroup section */

/* Begin PBXNativeTarget section */
		4A40DBAF28E5948C005587F3 /* 信标 */ = {
			isa = PBXNativeTarget;
			buildConfigurationList = 4A40DBC428E5948F005587F3 /* Build configuration list for PBXNativeTarget "信标" */;
			buildPhases = (
				4A40DBAC28E5948C005587F3 /* Sources */,
				4A40DBAD28E5948C005587F3 /* Frameworks */,
				4A40DBAE28E5948C005587F3 /* Resources */,
			);
			buildRules = (
			);
			dependencies = (
			);
			name = "信标";
			productName = "信标";
			productReference = 4A40DBB028E5948C005587F3 /* 信标.app */;
			productType = "com.apple.product-type.application";
		};
/* End PBXNativeTarget section */

/* Begin PBXProject section */
		4A40DBA828E5948C005587F3 /* Project object */ = {
			isa = PBXProject;
			attributes = {
				BuildIndependentTargetsInParallel = 1;
				LastSwiftUpdateCheck = 1340;
				LastUpgradeCheck = 1340;
				TargetAttributes = {
					4A40DBAF28E5948C005587F3 = {
						CreatedOnToolsVersion = 13.4;
					};
				};
			};
			buildConfigurationList = 4A40DBAB28E5948C005587F3 /* Build configuration list for PBXProject "信标" */;
			compatibilityVersion = "Xcode 13.0";
			developmentRegion = en;
			hasScannedForEncodings = 0;
			knownRegions = (
				en,
				Base,
			);
			mainGroup = 4A40DBA728E5948C005587F3;
			productRefGroup = 4A40DBB128E5948C005587F3 /* Products */;
			projectDirPath = "";
			projectRoot = "";
			targets = (
				4A40DBAF28E5948C005587F3 /* 信标 */,
			);
		};
/* End PBXProject section */

/* Begin PBXResourcesBuildPhase section */
		4A40DBAE28E5948C005587F3 /* Resources */ = {
			isa = PBXResourcesBuildPhase;
			buildActionMask = 2147483647;
			files = (
				4A40DBBD28E5948F005587F3 /* Assets.xcassets in Resources */,
				43AD58D9CF314C9EAF0F3406 /* LaunchScreen.storyboard in Resources */,
				43AD53686DA53B9400E13888 /* Main.storyboard in Resources */,
			);
			runOnlyForDeploymentPostprocessing = 0;
		};
/* End PBXResourcesBuildPhase section */

/* Begin PBXSourcesBuildPhase section */
		4A40DBAC28E5948C005587F3 /* Sources */ = {
			isa = PBXSourcesBuildPhase;
			buildActionMask = 2147483647;
			files = (
				4A5D131128ED1C0B001F2C87 /* LocationDetailsViewController.swift in Sources */,
				4A40DBB828E5948C005587F3 /* CurrentLocationViewController.swift in Sources */,
				43AD5BA2A11EE0B0F59D7B40 /* CategoryPickerViewController.swift in Sources */,
				43AD542DA3FA38F024DDEDAC /* AppDelegate.swift in Sources */,
				4A0C7BC228F7C1B800583589 /* LocationsViewController.swift in Sources */,
				4AFD4BC528F3D6EE00C7FAE8 /* Location+CoreDataProperties.swift in Sources */,
				4A0C7BC428F7F51600583589 /* LocationCell.swift in Sources */,
				43AD5CACB30BB890632D9DB9 /* SceneDelegate.swift in Sources */,
				43AD5CE680F9255EAA49C2AE /* HudView.swift in Sources */,
				4AFD4BC428F3D6EE00C7FAE8 /* Location+CoreDataClass.swift in Sources */,
				4AFD4BC028F3CDAA00C7FAE8 /* MyLocation.xcdatamodeld in Sources */,
				43AD59C2DC7AABF6E13A3AFE /* Functions.swift in Sources */,
			);
			runOnlyForDeploymentPostprocessing = 0;
		};
/* End PBXSourcesBuildPhase section */

/* Begin XCBuildConfiguration section */
		4A40DBC228E5948F005587F3 /* Debug */ = {
			isa = XCBuildConfiguration;
			buildSettings = {
				ALWAYS_SEARCH_USER_PATHS = NO;
				CLANG_ANALYZER_NONNULL = YES;
				CLANG_ANALYZER_NUMBER_OBJECT_CONVERSION = YES_AGGRESSIVE;
				CLANG_CXX_LANGUAGE_STANDARD = "gnu++17";
				CLANG_ENABLE_MODULES = YES;
				CLANG_ENABLE_OBJC_ARC = YES;
				CLANG_ENABLE_OBJC_WEAK = YES;
				CLANG_WARN_BLOCK_CAPTURE_AUTORELEASING = YES;
				CLANG_WARN_BOOL_CONVERSION = YES;
				CLANG_WARN_COMMA = YES;
				CLANG_WARN_CONSTANT_CONVERSION = YES;
				CLANG_WARN_DEPRECATED_OBJC_IMPLEMENTATIONS = YES;
				CLANG_WARN_DIRECT_OBJC_ISA_USAGE = YES_ERROR;
				CLANG_WARN_DOCUMENTATION_COMMENTS = YES;
				CLANG_WARN_EMPTY_BODY = YES;
				CLANG_WARN_ENUM_CONVERSION = YES;
				CLANG_WARN_INFINITE_RECURSION = YES;
				CLANG_WARN_INT_CONVERSION = YES;
				CLANG_WARN_NON_LITERAL_NULL_CONVERSION = YES;
				CLANG_WARN_OBJC_IMPLICIT_RETAIN_SELF = YES;
				CLANG_WARN_OBJC_LITERAL_CONVERSION = YES;
				CLANG_WARN_OBJC_ROOT_CLASS = YES_ERROR;
				CLANG_WARN_QUOTED_INCLUDE_IN_FRAMEWORK_HEADER = YES;
				CLANG_WARN_RANGE_LOOP_ANALYSIS = YES;
				CLANG_WARN_STRICT_PROTOTYPES = YES;
				CLANG_WARN_SUSPICIOUS_MOVE = YES;
				CLANG_WARN_UNGUARDED_AVAILABILITY = YES_AGGRESSIVE;
				CLANG_WARN_UNREACHABLE_CODE = YES;
				CLANG_WARN__DUPLICATE_METHOD_MATCH = YES;
				COPY_PHASE_STRIP = NO;
				DEBUG_INFORMATION_FORMAT = dwarf;
				ENABLE_STRICT_OBJC_MSGSEND = YES;
				ENABLE_TESTABILITY = YES;
				GCC_C_LANGUAGE_STANDARD = gnu11;
				GCC_DYNAMIC_NO_PIC = NO;
				GCC_NO_COMMON_BLOCKS = YES;
				GCC_OPTIMIZATION_LEVEL = 0;
				GCC_PREPROCESSOR_DEFINITIONS = (
					"DEBUG=1",
					"$(inherited)",
				);
				GCC_WARN_64_TO_32_BIT_CONVERSION = YES;
				GCC_WARN_ABOUT_RETURN_TYPE = YES_ERROR;
				GCC_WARN_UNDECLARED_SELECTOR = YES;
				GCC_WARN_UNINITIALIZED_AUTOS = YES_AGGRESSIVE;
				GCC_WARN_UNUSED_FUNCTION = YES;
				GCC_WARN_UNUSED_VARIABLE = YES;
				IPHONEOS_DEPLOYMENT_TARGET = 15.5;
				MTL_ENABLE_DEBUG_INFO = INCLUDE_SOURCE;
				MTL_FAST_MATH = YES;
				ONLY_ACTIVE_ARCH = YES;
				SDKROOT = iphoneos;
				SWIFT_ACTIVE_COMPILATION_CONDITIONS = DEBUG;
				SWIFT_OPTIMIZATION_LEVEL = "-Onone";
			};
			name = Debug;
		};
		4A40DBC328E5948F005587F3 /* Release */ = {
			isa = XCBuildConfiguration;
			buildSettings = {
				ALWAYS_SEARCH_USER_PATHS = NO;
				CLANG_ANALYZER_NONNULL = YES;
				CLANG_ANALYZER_NUMBER_OBJECT_CONVERSION = YES_AGGRESSIVE;
				CLANG_CXX_LANGUAGE_STANDARD = "gnu++17";
				CLANG_ENABLE_MODULES = YES;
				CLANG_ENABLE_OBJC_ARC = YES;
				CLANG_ENABLE_OBJC_WEAK = YES;
				CLANG_WARN_BLOCK_CAPTURE_AUTORELEASING = YES;
				CLANG_WARN_BOOL_CONVERSION = YES;
				CLANG_WARN_COMMA = YES;
				CLANG_WARN_CONSTANT_CONVERSION = YES;
				CLANG_WARN_DEPRECATED_OBJC_IMPLEMENTATIONS = YES;
				CLANG_WARN_DIRECT_OBJC_ISA_USAGE = YES_ERROR;
				CLANG_WARN_DOCUMENTATION_COMMENTS = YES;
				CLANG_WARN_EMPTY_BODY = YES;
				CLANG_WARN_ENUM_CONVERSION = YES;
				CLANG_WARN_INFINITE_RECURSION = YES;
				CLANG_WARN_INT_CONVERSION = YES;
				CLANG_WARN_NON_LITERAL_NULL_CONVERSION = YES;
				CLANG_WARN_OBJC_IMPLICIT_RETAIN_SELF = YES;
				CLANG_WARN_OBJC_LITERAL_CONVERSION = YES;
				CLANG_WARN_OBJC_ROOT_CLASS = YES_ERROR;
				CLANG_WARN_QUOTED_INCLUDE_IN_FRAMEWORK_HEADER = YES;
				CLANG_WARN_RANGE_LOOP_ANALYSIS = YES;
				CLANG_WARN_STRICT_PROTOTYPES = YES;
				CLANG_WARN_SUSPICIOUS_MOVE = YES;
				CLANG_WARN_UNGUARDED_AVAILABILITY = YES_AGGRESSIVE;
				CLANG_WARN_UNREACHABLE_CODE = YES;
				CLANG_WARN__DUPLICATE_METHOD_MATCH = YES;
				COPY_PHASE_STRIP = NO;
				DEBUG_INFORMATION_FORMAT = "dwarf-with-dsym";
				ENABLE_NS_ASSERTIONS = NO;
				ENABLE_STRICT_OBJC_MSGSEND = YES;
				GCC_C_LANGUAGE_STANDARD = gnu11;
				GCC_NO_COMMON_BLOCKS = YES;
				GCC_WARN_64_TO_32_BIT_CONVERSION = YES;
				GCC_WARN_ABOUT_RETURN_TYPE = YES_ERROR;
				GCC_WARN_UNDECLARED_SELECTOR = YES;
				GCC_WARN_UNINITIALIZED_AUTOS = YES_AGGRESSIVE;
				GCC_WARN_UNUSED_FUNCTION = YES;
				GCC_WARN_UNUSED_VARIABLE = YES;
				IPHONEOS_DEPLOYMENT_TARGET = 15.5;
				MTL_ENABLE_DEBUG_INFO = NO;
				MTL_FAST_MATH = YES;
				SDKROOT = iphoneos;
				SWIFT_COMPILATION_MODE = wholemodule;
				SWIFT_OPTIMIZATION_LEVEL = "-O";
				VALIDATE_PRODUCT = YES;
			};
			name = Release;
		};
		4A40DBC528E5948F005587F3 /* Debug */ = {
			isa = XCBuildConfiguration;
			buildSettings = {
				ASSETCATALOG_COMPILER_APPICON_NAME = AppIcon;
				ASSETCATALOG_COMPILER_GLOBAL_ACCENT_COLOR_NAME = AccentColor;
				CODE_SIGN_STYLE = Automatic;
				CURRENT_PROJECT_VERSION = 1;
				DEVELOPMENT_TEAM = H7RT62URKH;
				GENERATE_INFOPLIST_FILE = YES;
				INFOPLIST_FILE = "信标/Info.plist";
				INFOPLIST_KEY_NSLocationWhenInUseUsageDescription = "本应用为了记录您的位置需要获取您的GPS权限";
				INFOPLIST_KEY_UIApplicationSupportsIndirectInputEvents = YES;
				INFOPLIST_KEY_UILaunchStoryboardName = LaunchScreen;
				INFOPLIST_KEY_UIMainStoryboardFile = Main;
				INFOPLIST_KEY_UIRequiredDeviceCapabilities = "location-services";
				INFOPLIST_KEY_UISupportedInterfaceOrientations = UIInterfaceOrientationPortrait;
				INFOPLIST_KEY_UISupportedInterfaceOrientations_iPad = "UIInterfaceOrientationPortrait UIInterfaceOrientationPortraitUpsideDown UIInterfaceOrientationLandscapeLeft UIInterfaceOrientationLandscapeRight";
				INFOPLIST_KEY_UISupportedInterfaceOrientations_iPhone = "UIInterfaceOrientationPortrait UIInterfaceOrientationLandscapeLeft UIInterfaceOrientationLandscapeRight";
				LD_RUNPATH_SEARCH_PATHS = (
					"$(inherited)",
					"@executable_path/Frameworks",
				);
				MARKETING_VERSION = 1.0;
				PRODUCT_BUNDLE_IDENTIFIER = "host.ankh.--";
				PRODUCT_NAME = "$(TARGET_NAME)";
				SWIFT_EMIT_LOC_STRINGS = YES;
				SWIFT_VERSION = 5.0;
				TARGETED_DEVICE_FAMILY = "1,2";
			};
			name = Debug;
		};
		4A40DBC628E5948F005587F3 /* Release */ = {
			isa = XCBuildConfiguration;
			buildSettings = {
				ASSETCATALOG_COMPILER_APPICON_NAME = AppIcon;
				ASSETCATALOG_COMPILER_GLOBAL_ACCENT_COLOR_NAME = AccentColor;
				CODE_SIGN_STYLE = Automatic;
				CURRENT_PROJECT_VERSION = 1;
				DEVELOPMENT_TEAM = H7RT62URKH;
				GENERATE_INFOPLIST_FILE = YES;
				INFOPLIST_FILE = "信标/Info.plist";
				INFOPLIST_KEY_NSLocationWhenInUseUsageDescription = "本应用为了记录您的位置需要获取您的GPS权限";
				INFOPLIST_KEY_UIApplicationSupportsIndirectInputEvents = YES;
				INFOPLIST_KEY_UILaunchStoryboardName = LaunchScreen;
				INFOPLIST_KEY_UIMainStoryboardFile = Main;
				INFOPLIST_KEY_UIRequiredDeviceCapabilities = "location-services";
				INFOPLIST_KEY_UISupportedInterfaceOrientations = UIInterfaceOrientationPortrait;
				INFOPLIST_KEY_UISupportedInterfaceOrientations_iPad = "UIInterfaceOrientationPortrait UIInterfaceOrientationPortraitUpsideDown UIInterfaceOrientationLandscapeLeft UIInterfaceOrientationLandscapeRight";
				INFOPLIST_KEY_UISupportedInterfaceOrientations_iPhone = "UIInterfaceOrientationPortrait UIInterfaceOrientationLandscapeLeft UIInterfaceOrientationLandscapeRight";
				LD_RUNPATH_SEARCH_PATHS = (
					"$(inherited)",
					"@executable_path/Frameworks",
				);
				MARKETING_VERSION = 1.0;
				PRODUCT_BUNDLE_IDENTIFIER = "host.ankh.--";
				PRODUCT_NAME = "$(TARGET_NAME)";
				SWIFT_EMIT_LOC_STRINGS = YES;
				SWIFT_VERSION = 5.0;
				TARGETED_DEVICE_FAMILY = "1,2";
			};
			name = Release;
		};
/* End XCBuildConfiguration section */

/* Begin XCConfigurationList section */
		4A40DBAB28E5948C005587F3 /* Build configuration list for PBXProject "信标" */ = {
			isa = XCConfigurationList;
			buildConfigurations = (
				4A40DBC228E5948F005587F3 /* Debug */,
				4A40DBC328E5948F005587F3 /* Release */,
			);
			defaultConfigurationIsVisible = 0;
			defaultConfigurationName = Release;
		};
		4A40DBC428E5948F005587F3 /* Build configuration list for PBXNativeTarget "信标" */ = {
			isa = XCConfigurationList;
			buildConfigurations = (
				4A40DBC528E5948F005587F3 /* Debug */,
				4A40DBC628E5948F005587F3 /* Release */,
			);
			defaultConfigurationIsVisible = 0;
			defaultConfigurationName = Release;
		};
/* End XCConfigurationList section */

/* Begin XCVersionGroup section */
		4AFD4BBE28F3CDAA00C7FAE8 /* MyLocation.xcdatamodeld */ = {
			isa = XCVersionGroup;
			children = (
				4AFD4BBF28F3CDAA00C7FAE8 /* MyLocation.xcdatamodel */,
			);
			currentVersion = 4AFD4BBF28F3CDAA00C7FAE8 /* MyLocation.xcdatamodel */;
			path = MyLocation.xcdatamodeld;
			sourceTree = "<group>";
			versionGroupType = wrapper.xcdatamodel;
		};
/* End XCVersionGroup section */
	};
	rootObject = 4A40DBA828E5948C005587F3 /* Project object */;
}
